{
  "name": "polar-data-playground",
  "version": "1.0.0",
  "lockfileVersion": 2,
  "requires": true,
  "packages": {
    "": {
      "name": "polar-data-playground",
      "version": "1.0.0",
      "license": "ISC",
      "dependencies": {
        "nodejs-polars": "^0.7.2"
      }
    },
    "node_modules/nodejs-polars": {
      "version": "0.7.2",
      "resolved": "https://registry.npmjs.org/nodejs-polars/-/nodejs-polars-0.7.2.tgz",
      "integrity": "sha512-YD5XX7E67wX0joGo177mJio4TAnzVlTyzlB+V7vaL7ZuVsMaJyMcYZ+uzvFC0BxGMoWY+16Vxjr13yYpaU4SmA==",
      "engines": {
        "node": ">= 16"
      },
      "optionalDependencies": {
        "nodejs-polars-darwin-arm64": "0.7.2",
        "nodejs-polars-darwin-x64": "0.7.2",
        "nodejs-polars-linux-arm64-gnu": "0.7.2",
        "nodejs-polars-linux-x64-gnu": "0.7.2",
        "nodejs-polars-win32-ia32-msvc": "0.7.2",
        "nodejs-polars-win32-x64-msvc": "0.7.2"
      }
    },
    "node_modules/nodejs-polars-darwin-arm64": {
      "version": "0.7.2",
      "resolved": "https://registry.npmjs.org/nodejs-polars-darwin-arm64/-/nodejs-polars-darwin-arm64-0.7.2.tgz",
      "integrity": "sha512-oWrmKqC8aFaj5iX1DsZACFdzFo6xa13AGgKqzJAkOqEUAww3eh7r4eLnJLPp3EIfJsr1aDeZwPyMwF4i/X1x2w==",
      "cpu": [
        "arm64"
      ],
      "optional": true,
      "os": [
        "darwin"
      ],
      "engines": {
        "node": ">= 10"
      }
    },
    "node_modules/nodejs-polars-darwin-x64": {
      "version": "0.7.2",
      "resolved": "https://registry.npmjs.org/nodejs-polars-darwin-x64/-/nodejs-polars-darwin-x64-0.7.2.tgz",
      "integrity": "sha512-0JoJAZLWTJeee8fGO5xe9rfbRQTT7TUb3JuuCrtHshyMGT23nfT9Pw6C5L9AWjPrmkAOhrmyPeZ+cJDNug3xUQ==",
      "cpu": [
        "x64"
      ],
      "optional": true,
      "os": [
        "darwin"
      ],
      "engines": {
        "node": ">= 10"
      }
    },
    "node_modules/nodejs-polars-linux-arm64-gnu": {
      "version": "0.7.2",
      "resolved": "https://registry.npmjs.org/nodejs-polars-linux-arm64-gnu/-/nodejs-polars-linux-arm64-gnu-0.7.2.tgz",
      "integrity": "sha512-rINXZfqQtE6dZ/5ItuG82Us8ZbPMt3FCtqHVj2GcFwkmECwJpe1Qwh1qXFzaWL7Om6NHvbGe2ERlSrxqKXRSlg==",
      "cpu": [
        "arm64"
      ],
      "optional": true,
      "os": [
        "linux"
      ],
      "engines": {
        "node": ">= 10"
      }
    },
    "node_modules/nodejs-polars-linux-x64-gnu": {
      "version": "0.7.2",
      "resolved": "https://registry.npmjs.org/nodejs-polars-linux-x64-gnu/-/nodejs-polars-linux-x64-gnu-0.7.2.tgz",
      "integrity": "sha512-liAu2Yhtj97Ca1YducGEbT9+NKrV/z7+EBaPlo6BC8qIdwDsVzu/3A2g56HxmNclvEkguKnyibjEnOAtQbhMqQ==",
      "cpu": [
        "x64"
      ],
      "optional": true,
      "os": [
        "linux"
      ],
      "engines": {
        "node": ">= 10"
      }
    },
    "node_modules/nodejs-polars-win32-ia32-msvc": {
      "version": "0.7.2",
      "resolved": "https://registry.npmjs.org/nodejs-polars-win32-ia32-msvc/-/nodejs-polars-win32-ia32-msvc-0.7.2.tgz",
      "integrity": "sha512-3ZuDNjcsfSAn8i72YUD5HMDXxv6NNIeLo2Sg3Bvm8p+YjPMKE3bipUMdCczaaFovqAzhkbRT5DyA6YOpq0/saw==",
      "cpu": [
        "ia32"
      ],
      "optional": true,
      "os": [
        "win32"
      ],
      "engines": {
        "node": ">= 10"
      }
    },
    "node_modules/nodejs-polars-win32-x64-msvc": {
      "version": "0.7.2",
      "resolved": "https://registry.npmjs.org/nodejs-polars-win32-x64-msvc/-/nodejs-polars-win32-x64-msvc-0.7.2.tgz",
      "integrity": "sha512-QejJDUL8wFrybV8QSyyzwiRs5uA0YekEwZ9i/LfraEecIH67k3ko0asgtxx33oAyms9blEL3uGmnPWYX5ajoHw==",
      "cpu": [
        "x64"
      ],
      "optional": true,
      "os": [
        "win32"
      ],
      "engines": {
        "node": ">= 10"
      }
    }
  },
  "dependencies": {
    "nodejs-polars": {
      "version": "0.7.2",
      "resolved": "https://registry.npmjs.org/nodejs-polars/-/nodejs-polars-0.7.2.tgz",
      "integrity": "sha512-YD5XX7E67wX0joGo177mJio4TAnzVlTyzlB+V7vaL7ZuVsMaJyMcYZ+uzvFC0BxGMoWY+16Vxjr13yYpaU4SmA==",
      "requires": {
        "nodejs-polars-darwin-arm64": "0.7.2",
        "nodejs-polars-darwin-x64": "0.7.2",
        "nodejs-polars-linux-arm64-gnu": "0.7.2",
        "nodejs-polars-linux-x64-gnu": "0.7.2",
        "nodejs-polars-win32-ia32-msvc": "0.7.2",
        "nodejs-polars-win32-x64-msvc": "0.7.2"
      }
    },
    "nodejs-polars-darwin-arm64": {
      "version": "0.7.2",
      "resolved": "https://registry.npmjs.org/nodejs-polars-darwin-arm64/-/nodejs-polars-darwin-arm64-0.7.2.tgz",
      "integrity": "sha512-oWrmKqC8aFaj5iX1DsZACFdzFo6xa13AGgKqzJAkOqEUAww3eh7r4eLnJLPp3EIfJsr1aDeZwPyMwF4i/X1x2w==",
      "optional": true
    },
    "nodejs-polars-darwin-x64": {
      "version": "0.7.2",
      "resolved": "https://registry.npmjs.org/nodejs-polars-darwin-x64/-/nodejs-polars-darwin-x64-0.7.2.tgz",
      "integrity": "sha512-0JoJAZLWTJeee8fGO5xe9rfbRQTT7TUb3JuuCrtHshyMGT23nfT9Pw6C5L9AWjPrmkAOhrmyPeZ+cJDNug3xUQ==",
      "optional": true
    },
    "nodejs-polars-linux-arm64-gnu": {
      "version": "0.7.2",
      "resolved": "https://registry.npmjs.org/nodejs-polars-linux-arm64-gnu/-/nodejs-polars-linux-arm64-gnu-0.7.2.tgz",
      "integrity": "sha512-rINXZfqQtE6dZ/5ItuG82Us8ZbPMt3FCtqHVj2GcFwkmECwJpe1Qwh1qXFzaWL7Om6NHvbGe2ERlSrxqKXRSlg==",
      "optional": true
    },
    "nodejs-polars-linux-x64-gnu": {
      "version": "0.7.2",
      "resolved": "https://registry.npmjs.org/nodejs-polars-linux-x64-gnu/-/nodejs-polars-linux-x64-gnu-0.7.2.tgz",
      "integrity": "sha512-liAu2Yhtj97Ca1YducGEbT9+NKrV/z7+EBaPlo6BC8qIdwDsVzu/3A2g56HxmNclvEkguKnyibjEnOAtQbhMqQ==",
      "optional": true
    },
    "nodejs-polars-win32-ia32-msvc": {
      "version": "0.7.2",
      "resolved": "https://registry.npmjs.org/nodejs-polars-win32-ia32-msvc/-/nodejs-polars-win32-ia32-msvc-0.7.2.tgz",
      "integrity": "sha512-3ZuDNjcsfSAn8i72YUD5HMDXxv6NNIeLo2Sg3Bvm8p+YjPMKE3bipUMdCczaaFovqAzhkbRT5DyA6YOpq0/saw==",
      "optional": true
    },
    "nodejs-polars-win32-x64-msvc": {
      "version": "0.7.2",
      "resolved": "https://registry.npmjs.org/nodejs-polars-win32-x64-msvc/-/nodejs-polars-win32-x64-msvc-0.7.2.tgz",
      "integrity": "sha512-QejJDUL8wFrybV8QSyyzwiRs5uA0YekEwZ9i/LfraEecIH67k3ko0asgtxx33oAyms9blEL3uGmnPWYX5ajoHw==",
      "optional": true
    }
  }
}
